// !$*UTF8*$!
{
	archiveVersion = 1;
	classes = {
	};
	objectVersion = 56;
	objects = {

/* Begin PBXBuildFile section */
		680C19802CBA56E6001DF736 /* ClickableComponents.swift in Sources */ = {isa = PBXBuildFile; fileRef = 680C197F2CBA56E6001DF736 /* ClickableComponents.swift */; };
		680C19832CBA5E86001DF736 /* Profile.swift in Sources */ = {isa = PBXBuildFile; fileRef = 680C19822CBA5E86001DF736 /* Profile.swift */; };
		680C19852CBAFE66001DF736 /* regIncidencias.swift in Sources */ = {isa = PBXBuildFile; fileRef = 680C19842CBAFE66001DF736 /* regIncidencias.swift */; };
		680C19872CBAFF29001DF736 /* MainMenu.swift in Sources */ = {isa = PBXBuildFile; fileRef = 680C19862CBAFF29001DF736 /* MainMenu.swift */; };
		680C198A2CBB0954001DF736 /* ListIncidencias.swift in Sources */ = {isa = PBXBuildFile; fileRef = 680C19892CBB0954001DF736 /* ListIncidencias.swift */; };
		6811843D2CE7AD0C007C0C3B /* usersData.swift in Sources */ = {isa = PBXBuildFile; fileRef = 6811843C2CE7AD0C007C0C3B /* usersData.swift */; };
		682DFC532CB87030002AEB10 /* TopBar.swift in Sources */ = {isa = PBXBuildFile; fileRef = 682DFC522CB87030002AEB10 /* TopBar.swift */; };
		68B7BBEA2CBA525200625085 /* BottomBar.swift in Sources */ = {isa = PBXBuildFile; fileRef = 68B7BBE92CBA525200625085 /* BottomBar.swift */; };
		68BC44952CE6C6750018BFD3 /* GoogleService-Info.plist in Resources */ = {isa = PBXBuildFile; fileRef = 68BC44942CE6C6740018BFD3 /* GoogleService-Info.plist */; };
		68BC44992CE6DA960018BFD3 /* SideMenu.swift in Sources */ = {isa = PBXBuildFile; fileRef = 68BC44982CE6DA960018BFD3 /* SideMenu.swift */; };
		68CDC55B2CE802F2002E715A /* TopBarGrey.swift in Sources */ = {isa = PBXBuildFile; fileRef = 68CDC55A2CE802F2002E715A /* TopBarGrey.swift */; };
		68CE47C22CD8AAB4007E57E5 /* FirebaseAppCheck in Frameworks */ = {isa = PBXBuildFile; productRef = 68CE47C12CD8AAB4007E57E5 /* FirebaseAppCheck */; };
		68CE47C42CD8AAB4007E57E5 /* FirebaseAppDistribution-Beta in Frameworks */ = {isa = PBXBuildFile; productRef = 68CE47C32CD8AAB4007E57E5 /* FirebaseAppDistribution-Beta */; };
		68CE47C62CD8AAB4007E57E5 /* FirebaseAuth in Frameworks */ = {isa = PBXBuildFile; productRef = 68CE47C52CD8AAB4007E57E5 /* FirebaseAuth */; };
		68CE47C82CD8AAB4007E57E5 /* FirebaseDatabase in Frameworks */ = {isa = PBXBuildFile; productRef = 68CE47C72CD8AAB4007E57E5 /* FirebaseDatabase */; };
		68CE47CA2CD8AAB4007E57E5 /* FirebaseDatabaseSwift in Frameworks */ = {isa = PBXBuildFile; productRef = 68CE47C92CD8AAB4007E57E5 /* FirebaseDatabaseSwift */; };
		68CE47CC2CD8AAB4007E57E5 /* FirebaseFirestore in Frameworks */ = {isa = PBXBuildFile; productRef = 68CE47CB2CD8AAB4007E57E5 /* FirebaseFirestore */; };
		68CE47CE2CD8AAB5007E57E5 /* FirebaseFirestoreCombine-Community in Frameworks */ = {isa = PBXBuildFile; productRef = 68CE47CD2CD8AAB5007E57E5 /* FirebaseFirestoreCombine-Community */; };
		68CE47D02CD8AAB5007E57E5 /* FirebaseFirestoreSwift in Frameworks */ = {isa = PBXBuildFile; productRef = 68CE47CF2CD8AAB5007E57E5 /* FirebaseFirestoreSwift */; };
		68CE47D22CD8AAB5007E57E5 /* FirebaseFunctions in Frameworks */ = {isa = PBXBuildFile; productRef = 68CE47D12CD8AAB5007E57E5 /* FirebaseFunctions */; };
		68CE47D42CD8AAB5007E57E5 /* FirebaseFunctionsCombine-Community in Frameworks */ = {isa = PBXBuildFile; productRef = 68CE47D32CD8AAB5007E57E5 /* FirebaseFunctionsCombine-Community */; };
		68CE47D62CD8AAB5007E57E5 /* FirebaseInAppMessaging-Beta in Frameworks */ = {isa = PBXBuildFile; productRef = 68CE47D52CD8AAB5007E57E5 /* FirebaseInAppMessaging-Beta */; };
		68CE47D82CD8AAB5007E57E5 /* FirebaseInAppMessagingSwift-Beta in Frameworks */ = {isa = PBXBuildFile; productRef = 68CE47D72CD8AAB5007E57E5 /* FirebaseInAppMessagingSwift-Beta */; };
		68CE47DA2CD8AAB5007E57E5 /* FirebaseMessaging in Frameworks */ = {isa = PBXBuildFile; productRef = 68CE47D92CD8AAB5007E57E5 /* FirebaseMessaging */; };
		68CE47DC2CD8AAB6007E57E5 /* FirebaseStorage in Frameworks */ = {isa = PBXBuildFile; productRef = 68CE47DB2CD8AAB6007E57E5 /* FirebaseStorage */; };
		68CE47DE2CD8AAB6007E57E5 /* FirebaseStorageCombine-Community in Frameworks */ = {isa = PBXBuildFile; productRef = 68CE47DD2CD8AAB6007E57E5 /* FirebaseStorageCombine-Community */; };
		68D550A12CB86C4F004A29AF /* IncidenciasApp.swift in Sources */ = {isa = PBXBuildFile; fileRef = 68D550A02CB86C4F004A29AF /* IncidenciasApp.swift */; };
		68D550A32CB86C4F004A29AF /* ContentView.swift in Sources */ = {isa = PBXBuildFile; fileRef = 68D550A22CB86C4F004A29AF /* ContentView.swift */; };
		68D550A52CB86C51004A29AF /* Assets.xcassets in Resources */ = {isa = PBXBuildFile; fileRef = 68D550A42CB86C51004A29AF /* Assets.xcassets */; };
		68D550A82CB86C51004A29AF /* Preview Assets.xcassets in Resources */ = {isa = PBXBuildFile; fileRef = 68D550A72CB86C51004A29AF /* Preview Assets.xcassets */; };
/* End PBXBuildFile section */

/* Begin PBXFileReference section */
		680C197F2CBA56E6001DF736 /* ClickableComponents.swift */ = {isa = PBXFileReference; lastKnownFileType = sourcecode.swift; path = ClickableComponents.swift; sourceTree = "<group>"; };
		680C19822CBA5E86001DF736 /* Profile.swift */ = {isa = PBXFileReference; lastKnownFileType = sourcecode.swift; path = Profile.swift; sourceTree = "<group>"; };
		680C19842CBAFE66001DF736 /* regIncidencias.swift */ = {isa = PBXFileReference; lastKnownFileType = sourcecode.swift; path = regIncidencias.swift; sourceTree = "<group>"; };
		680C19862CBAFF29001DF736 /* MainMenu.swift */ = {isa = PBXFileReference; lastKnownFileType = sourcecode.swift; path = MainMenu.swift; sourceTree = "<group>"; };
		680C19892CBB0954001DF736 /* ListIncidencias.swift */ = {isa = PBXFileReference; lastKnownFileType = sourcecode.swift; path = ListIncidencias.swift; sourceTree = "<group>"; };
		6811843C2CE7AD0C007C0C3B /* usersData.swift */ = {isa = PBXFileReference; lastKnownFileType = sourcecode.swift; path = usersData.swift; sourceTree = "<group>"; };
		682DFC522CB87030002AEB10 /* TopBar.swift */ = {isa = PBXFileReference; lastKnownFileType = sourcecode.swift; path = TopBar.swift; sourceTree = "<group>"; };
		68B7BBE92CBA525200625085 /* BottomBar.swift */ = {isa = PBXFileReference; lastKnownFileType = sourcecode.swift; path = BottomBar.swift; sourceTree = "<group>"; };
		68BC44942CE6C6740018BFD3 /* GoogleService-Info.plist */ = {isa = PBXFileReference; fileEncoding = 4; lastKnownFileType = text.plist.xml; name = "GoogleService-Info.plist"; path = "../GoogleService-Info.plist"; sourceTree = "<group>"; };
		68BC44982CE6DA960018BFD3 /* SideMenu.swift */ = {isa = PBXFileReference; lastKnownFileType = sourcecode.swift; path = SideMenu.swift; sourceTree = "<group>"; };
		68CDC55A2CE802F2002E715A /* TopBarGrey.swift */ = {isa = PBXFileReference; lastKnownFileType = sourcecode.swift; path = TopBarGrey.swift; sourceTree = "<group>"; };
		68D5509D2CB86C4F004A29AF /* Incidencias.app */ = {isa = PBXFileReference; explicitFileType = wrapper.application; includeInIndex = 0; path = Incidencias.app; sourceTree = BUILT_PRODUCTS_DIR; };
		68D550A02CB86C4F004A29AF /* IncidenciasApp.swift */ = {isa = PBXFileReference; lastKnownFileType = sourcecode.swift; path = IncidenciasApp.swift; sourceTree = "<group>"; };
		68D550A22CB86C4F004A29AF /* ContentView.swift */ = {isa = PBXFileReference; lastKnownFileType = sourcecode.swift; path = ContentView.swift; sourceTree = "<group>"; };
		68D550A42CB86C51004A29AF /* Assets.xcassets */ = {isa = PBXFileReference; lastKnownFileType = folder.assetcatalog; path = Assets.xcassets; sourceTree = "<group>"; };
		68D550A72CB86C51004A29AF /* Preview Assets.xcassets */ = {isa = PBXFileReference; lastKnownFileType = folder.assetcatalog; path = "Preview Assets.xcassets"; sourceTree = "<group>"; };
/* End PBXFileReference section */

/* Begin PBXFrameworksBuildPhase section */
		68D5509A2CB86C4F004A29AF /* Frameworks */ = {
			isa = PBXFrameworksBuildPhase;
			buildActionMask = 2147483647;
			files = (
				68CE47CA2CD8AAB4007E57E5 /* FirebaseDatabaseSwift in Frameworks */,
				68CE47C22CD8AAB4007E57E5 /* FirebaseAppCheck in Frameworks */,
				68CE47C62CD8AAB4007E57E5 /* FirebaseAuth in Frameworks */,
				68CE47D42CD8AAB5007E57E5 /* FirebaseFunctionsCombine-Community in Frameworks */,
				68CE47D22CD8AAB5007E57E5 /* FirebaseFunctions in Frameworks */,
				68CE47C82CD8AAB4007E57E5 /* FirebaseDatabase in Frameworks */,
				68CE47D62CD8AAB5007E57E5 /* FirebaseInAppMessaging-Beta in Frameworks */,
				68CE47DE2CD8AAB6007E57E5 /* FirebaseStorageCombine-Community in Frameworks */,
				68CE47C42CD8AAB4007E57E5 /* FirebaseAppDistribution-Beta in Frameworks */,
				68CE47DA2CD8AAB5007E57E5 /* FirebaseMessaging in Frameworks */,
				68CE47CC2CD8AAB4007E57E5 /* FirebaseFirestore in Frameworks */,
				68CE47CE2CD8AAB5007E57E5 /* FirebaseFirestoreCombine-Community in Frameworks */,
				68CE47DC2CD8AAB6007E57E5 /* FirebaseStorage in Frameworks */,
				68CE47D82CD8AAB5007E57E5 /* FirebaseInAppMessagingSwift-Beta in Frameworks */,
				68CE47D02CD8AAB5007E57E5 /* FirebaseFirestoreSwift in Frameworks */,
			);
			runOnlyForDeploymentPostprocessing = 0;
		};
/* End PBXFrameworksBuildPhase section */

/* Begin PBXGroup section */
		680C19812CBA5E6C001DF736 /* Screens */ = {
			isa = PBXGroup;
			children = (
				680C19822CBA5E86001DF736 /* Profile.swift */,
				680C19842CBAFE66001DF736 /* regIncidencias.swift */,
				680C19862CBAFF29001DF736 /* MainMenu.swift */,
				680C19892CBB0954001DF736 /* ListIncidencias.swift */,
				68BC44982CE6DA960018BFD3 /* SideMenu.swift */,
			);
			path = Screens;
			sourceTree = "<group>";
		};
		682DFC512CB87007002AEB10 /* Components */ = {
			isa = PBXGroup;
			children = (
				682DFC522CB87030002AEB10 /* TopBar.swift */,
				68B7BBE92CBA525200625085 /* BottomBar.swift */,
				680C197F2CBA56E6001DF736 /* ClickableComponents.swift */,
				68CDC55A2CE802F2002E715A /* TopBarGrey.swift */,
			);
			path = Components;
			sourceTree = "<group>";
		};
		68BC448A2CE588C50018BFD3 /* Scripts */ = {
			isa = PBXGroup;
			children = (
				6811843C2CE7AD0C007C0C3B /* usersData.swift */,
			);
			path = Scripts;
			sourceTree = "<group>";
		};
		68D550942CB86C4E004A29AF = {
			isa = PBXGroup;
			children = (
				68D5509F2CB86C4F004A29AF /* Incidencias */,
				68D5509E2CB86C4F004A29AF /* Products */,
			);
			sourceTree = "<group>";
		};
		68D5509E2CB86C4F004A29AF /* Products */ = {
			isa = PBXGroup;
			children = (
				68D5509D2CB86C4F004A29AF /* Incidencias.app */,
			);
			name = Products;
			sourceTree = "<group>";
		};
		68D5509F2CB86C4F004A29AF /* Incidencias */ = {
			isa = PBXGroup;
			children = (
				68BC44942CE6C6740018BFD3 /* GoogleService-Info.plist */,
				68BC448A2CE588C50018BFD3 /* Scripts */,
				680C19812CBA5E6C001DF736 /* Screens */,
				682DFC512CB87007002AEB10 /* Components */,
				68D550A02CB86C4F004A29AF /* IncidenciasApp.swift */,
				68D550A22CB86C4F004A29AF /* ContentView.swift */,
				68D550A42CB86C51004A29AF /* Assets.xcassets */,
				68D550A62CB86C51004A29AF /* Preview Content */,
			);
			path = Incidencias;
			sourceTree = "<group>";
		};
		68D550A62CB86C51004A29AF /* Preview Content */ = {
			isa = PBXGroup;
			children = (
				68D550A72CB86C51004A29AF /* Preview Assets.xcassets */,
			);
			path = "Preview Content";
			sourceTree = "<group>";
		};
/* End PBXGroup section */

/* Begin PBXNativeTarget section */
		68D5509C2CB86C4F004A29AF /* Incidencias */ = {
			isa = PBXNativeTarget;
			buildConfigurationList = 68D550AB2CB86C51004A29AF /* Build configuration list for PBXNativeTarget "Incidencias" */;
			buildPhases = (
				68D550992CB86C4F004A29AF /* Sources */,
				68D5509A2CB86C4F004A29AF /* Frameworks */,
				68D5509B2CB86C4F004A29AF /* Resources */,
			);
			buildRules = (
			);
			dependencies = (
			);
			name = Incidencias;
			packageProductDependencies = (
				68CE47C12CD8AAB4007E57E5 /* FirebaseAppCheck */,
				68CE47C32CD8AAB4007E57E5 /* FirebaseAppDistribution-Beta */,
				68CE47C52CD8AAB4007E57E5 /* FirebaseAuth */,
				68CE47C72CD8AAB4007E57E5 /* FirebaseDatabase */,
				68CE47C92CD8AAB4007E57E5 /* FirebaseDatabaseSwift */,
				68CE47CB2CD8AAB4007E57E5 /* FirebaseFirestore */,
				68CE47CD2CD8AAB5007E57E5 /* FirebaseFirestoreCombine-Community */,
				68CE47CF2CD8AAB5007E57E5 /* FirebaseFirestoreSwift */,
				68CE47D12CD8AAB5007E57E5 /* FirebaseFunctions */,
				68CE47D32CD8AAB5007E57E5 /* FirebaseFunctionsCombine-Community */,
				68CE47D52CD8AAB5007E57E5 /* FirebaseInAppMessaging-Beta */,
				68CE47D72CD8AAB5007E57E5 /* FirebaseInAppMessagingSwift-Beta */,
				68CE47D92CD8AAB5007E57E5 /* FirebaseMessaging */,
				68CE47DB2CD8AAB6007E57E5 /* FirebaseStorage */,
				68CE47DD2CD8AAB6007E57E5 /* FirebaseStorageCombine-Community */,
			);
			productName = Incidencias;
			productReference = 68D5509D2CB86C4F004A29AF /* Incidencias.app */;
			productType = "com.apple.product-type.application";
		};
/* End PBXNativeTarget section */

/* Begin PBXProject section */
		68D550952CB86C4E004A29AF /* Project object */ = {
			isa = PBXProject;
			attributes = {
				BuildIndependentTargetsInParallel = 1;
				LastSwiftUpdateCheck = 1420;
				LastUpgradeCheck = 1420;
				TargetAttributes = {
					68D5509C2CB86C4F004A29AF = {
						CreatedOnToolsVersion = 14.2;
					};
				};
			};
			buildConfigurationList = 68D550982CB86C4E004A29AF /* Build configuration list for PBXProject "Incidencias" */;
			compatibilityVersion = "Xcode 14.0";
			developmentRegion = en;
			hasScannedForEncodings = 0;
			knownRegions = (
				en,
				Base,
			);
			mainGroup = 68D550942CB86C4E004A29AF;
			packageReferences = (
				68CE47C02CD8AAB4007E57E5 /* XCRemoteSwiftPackageReference "firebase-ios-sdk" */,
			);
			productRefGroup = 68D5509E2CB86C4F004A29AF /* Products */;
			projectDirPath = "";
			projectRoot = "";
			targets = (
				68D5509C2CB86C4F004A29AF /* Incidencias */,
			);
		};
/* End PBXProject section */

/* Begin PBXResourcesBuildPhase section */
		68D5509B2CB86C4F004A29AF /* Resources */ = {
			isa = PBXResourcesBuildPhase;
			buildActionMask = 2147483647;
			files = (
				68D550A82CB86C51004A29AF /* Preview Assets.xcassets in Resources */,
				68D550A52CB86C51004A29AF /* Assets.xcassets in Resources */,
				68BC44952CE6C6750018BFD3 /* GoogleService-Info.plist in Resources */,
			);
			runOnlyForDeploymentPostprocessing = 0;
		};
/* End PBXResourcesBuildPhase section */

/* Begin PBXSourcesBuildPhase section */
		68D550992CB86C4F004A29AF /* Sources */ = {
			isa = PBXSourcesBuildPhase;
			buildActionMask = 2147483647;
			files = (
				680C19802CBA56E6001DF736 /* ClickableComponents.swift in Sources */,
				680C198A2CBB0954001DF736 /* ListIncidencias.swift in Sources */,
				6811843D2CE7AD0C007C0C3B /* usersData.swift in Sources */,
				680C19832CBA5E86001DF736 /* Profile.swift in Sources */,
				680C19852CBAFE66001DF736 /* regIncidencias.swift in Sources */,
				680C19872CBAFF29001DF736 /* MainMenu.swift in Sources */,
				68B7BBEA2CBA525200625085 /* BottomBar.swift in Sources */,
				68D550A32CB86C4F004A29AF /* ContentView.swift in Sources */,
				68CDC55B2CE802F2002E715A /* TopBarGrey.swift in Sources */,
				68BC44992CE6DA960018BFD3 /* SideMenu.swift in Sources */,
				682DFC532CB87030002AEB10 /* TopBar.swift in Sources */,
				68D550A12CB86C4F004A29AF /* IncidenciasApp.swift in Sources */,
			);
			runOnlyForDeploymentPostprocessing = 0;
		};
/* End PBXSourcesBuildPhase section */

/* Begin XCBuildConfiguration section */
		68D550A92CB86C51004A29AF /* Debug */ = {
			isa = XCBuildConfiguration;
			buildSettings = {
				ALWAYS_SEARCH_USER_PATHS = NO;
				CLANG_ANALYZER_NONNULL = YES;
				CLANG_ANALYZER_NUMBER_OBJECT_CONVERSION = YES_AGGRESSIVE;
				CLANG_CXX_LANGUAGE_STANDARD = "gnu++20";
				CLANG_ENABLE_MODULES = YES;
				CLANG_ENABLE_OBJC_ARC = YES;
				CLANG_ENABLE_OBJC_WEAK = YES;
				CLANG_WARN_BLOCK_CAPTURE_AUTORELEASING = YES;
				CLANG_WARN_BOOL_CONVERSION = YES;
				CLANG_WARN_COMMA = YES;
				CLANG_WARN_CONSTANT_CONVERSION = YES;
				CLANG_WARN_DEPRECATED_OBJC_IMPLEMENTATIONS = YES;
				CLANG_WARN_DIRECT_OBJC_ISA_USAGE = YES_ERROR;
				CLANG_WARN_DOCUMENTATION_COMMENTS = YES;
				CLANG_WARN_EMPTY_BODY = YES;
				CLANG_WARN_ENUM_CONVERSION = YES;
				CLANG_WARN_INFINITE_RECURSION = YES;
				CLANG_WARN_INT_CONVERSION = YES;
				CLANG_WARN_NON_LITERAL_NULL_CONVERSION = YES;
				CLANG_WARN_OBJC_IMPLICIT_RETAIN_SELF = YES;
				CLANG_WARN_OBJC_LITERAL_CONVERSION = YES;
				CLANG_WARN_OBJC_ROOT_CLASS = YES_ERROR;
				CLANG_WARN_QUOTED_INCLUDE_IN_FRAMEWORK_HEADER = YES;
				CLANG_WARN_RANGE_LOOP_ANALYSIS = YES;
				CLANG_WARN_STRICT_PROTOTYPES = YES;
				CLANG_WARN_SUSPICIOUS_MOVE = YES;
				CLANG_WARN_UNGUARDED_AVAILABILITY = YES_AGGRESSIVE;
				CLANG_WARN_UNREACHABLE_CODE = YES;
				CLANG_WARN__DUPLICATE_METHOD_MATCH = YES;
				COPY_PHASE_STRIP = NO;
				DEBUG_INFORMATION_FORMAT = dwarf;
				ENABLE_STRICT_OBJC_MSGSEND = YES;
				ENABLE_TESTABILITY = YES;
				GCC_C_LANGUAGE_STANDARD = gnu11;
				GCC_DYNAMIC_NO_PIC = NO;
				GCC_NO_COMMON_BLOCKS = YES;
				GCC_OPTIMIZATION_LEVEL = 0;
				GCC_PREPROCESSOR_DEFINITIONS = (
					"DEBUG=1",
					"$(inherited)",
				);
				GCC_WARN_64_TO_32_BIT_CONVERSION = YES;
				GCC_WARN_ABOUT_RETURN_TYPE = YES_ERROR;
				GCC_WARN_UNDECLARED_SELECTOR = YES;
				GCC_WARN_UNINITIALIZED_AUTOS = YES_AGGRESSIVE;
				GCC_WARN_UNUSED_FUNCTION = YES;
				GCC_WARN_UNUSED_VARIABLE = YES;
				IPHONEOS_DEPLOYMENT_TARGET = 16.2;
				MTL_ENABLE_DEBUG_INFO = INCLUDE_SOURCE;
				MTL_FAST_MATH = YES;
				ONLY_ACTIVE_ARCH = YES;
				SDKROOT = iphoneos;
				SWIFT_ACTIVE_COMPILATION_CONDITIONS = DEBUG;
				SWIFT_OPTIMIZATION_LEVEL = "-Onone";
			};
			name = Debug;
		};
		68D550AA2CB86C51004A29AF /* Release */ = {
			isa = XCBuildConfiguration;
			buildSettings = {
				ALWAYS_SEARCH_USER_PATHS = NO;
				CLANG_ANALYZER_NONNULL = YES;
				CLANG_ANALYZER_NUMBER_OBJECT_CONVERSION = YES_AGGRESSIVE;
				CLANG_CXX_LANGUAGE_STANDARD = "gnu++20";
				CLANG_ENABLE_MODULES = YES;
				CLANG_ENABLE_OBJC_ARC = YES;
				CLANG_ENABLE_OBJC_WEAK = YES;
				CLANG_WARN_BLOCK_CAPTURE_AUTORELEASING = YES;
				CLANG_WARN_BOOL_CONVERSION = YES;
				CLANG_WARN_COMMA = YES;
				CLANG_WARN_CONSTANT_CONVERSION = YES;
				CLANG_WARN_DEPRECATED_OBJC_IMPLEMENTATIONS = YES;
				CLANG_WARN_DIRECT_OBJC_ISA_USAGE = YES_ERROR;
				CLANG_WARN_DOCUMENTATION_COMMENTS = YES;
				CLANG_WARN_EMPTY_BODY = YES;
				CLANG_WARN_ENUM_CONVERSION = YES;
				CLANG_WARN_INFINITE_RECURSION = YES;
				CLANG_WARN_INT_CONVERSION = YES;
				CLANG_WARN_NON_LITERAL_NULL_CONVERSION = YES;
				CLANG_WARN_OBJC_IMPLICIT_RETAIN_SELF = YES;
				CLANG_WARN_OBJC_LITERAL_CONVERSION = YES;
				CLANG_WARN_OBJC_ROOT_CLASS = YES_ERROR;
				CLANG_WARN_QUOTED_INCLUDE_IN_FRAMEWORK_HEADER = YES;
				CLANG_WARN_RANGE_LOOP_ANALYSIS = YES;
				CLANG_WARN_STRICT_PROTOTYPES = YES;
				CLANG_WARN_SUSPICIOUS_MOVE = YES;
				CLANG_WARN_UNGUARDED_AVAILABILITY = YES_AGGRESSIVE;
				CLANG_WARN_UNREACHABLE_CODE = YES;
				CLANG_WARN__DUPLICATE_METHOD_MATCH = YES;
				COPY_PHASE_STRIP = NO;
				DEBUG_INFORMATION_FORMAT = "dwarf-with-dsym";
				ENABLE_NS_ASSERTIONS = NO;
				ENABLE_STRICT_OBJC_MSGSEND = YES;
				GCC_C_LANGUAGE_STANDARD = gnu11;
				GCC_NO_COMMON_BLOCKS = YES;
				GCC_WARN_64_TO_32_BIT_CONVERSION = YES;
				GCC_WARN_ABOUT_RETURN_TYPE = YES_ERROR;
				GCC_WARN_UNDECLARED_SELECTOR = YES;
				GCC_WARN_UNINITIALIZED_AUTOS = YES_AGGRESSIVE;
				GCC_WARN_UNUSED_FUNCTION = YES;
				GCC_WARN_UNUSED_VARIABLE = YES;
				IPHONEOS_DEPLOYMENT_TARGET = 16.2;
				MTL_ENABLE_DEBUG_INFO = NO;
				MTL_FAST_MATH = YES;
				SDKROOT = iphoneos;
				SWIFT_COMPILATION_MODE = wholemodule;
				SWIFT_OPTIMIZATION_LEVEL = "-O";
				VALIDATE_PRODUCT = YES;
			};
			name = Release;
		};
		68D550AC2CB86C51004A29AF /* Debug */ = {
			isa = XCBuildConfiguration;
			buildSettings = {
				ASSETCATALOG_COMPILER_APPICON_NAME = AppIcon;
				ASSETCATALOG_COMPILER_GLOBAL_ACCENT_COLOR_NAME = AccentColor;
				CODE_SIGN_STYLE = Automatic;
				CURRENT_PROJECT_VERSION = 1;
				DEVELOPMENT_ASSET_PATHS = "\"Incidencias/Preview Content\"";
				ENABLE_PREVIEWS = YES;
				GENERATE_INFOPLIST_FILE = YES;
				INFOPLIST_KEY_UIApplicationSceneManifest_Generation = YES;
				INFOPLIST_KEY_UIApplicationSupportsIndirectInputEvents = YES;
				INFOPLIST_KEY_UILaunchScreen_Generation = YES;
				INFOPLIST_KEY_UISupportedInterfaceOrientations_iPad = "UIInterfaceOrientationPortrait UIInterfaceOrientationPortraitUpsideDown UIInterfaceOrientationLandscapeLeft UIInterfaceOrientationLandscapeRight";
				INFOPLIST_KEY_UISupportedInterfaceOrientations_iPhone = "UIInterfaceOrientationPortrait UIInterfaceOrientationLandscapeLeft UIInterfaceOrientationLandscapeRight";
				LD_RUNPATH_SEARCH_PATHS = (
					"$(inherited)",
					"@executable_path/Frameworks",
				);
				MARKETING_VERSION = 1.0;
				PRODUCT_BUNDLE_IDENTIFIER = etps4.Incidencias;
				PRODUCT_NAME = "$(TARGET_NAME)";
				SWIFT_EMIT_LOC_STRINGS = YES;
				SWIFT_VERSION = 5.0;
				TARGETED_DEVICE_FAMILY = "1,2";
			};
			name = Debug;
		};
		68D550AD2CB86C51004A29AF /* Release */ = {
			isa = XCBuildConfiguration;
			buildSettings = {
				ASSETCATALOG_COMPILER_APPICON_NAME = AppIcon;
				ASSETCATALOG_COMPILER_GLOBAL_ACCENT_COLOR_NAME = AccentColor;
				CODE_SIGN_STYLE = Automatic;
				CURRENT_PROJECT_VERSION = 1;
				DEVELOPMENT_ASSET_PATHS = "\"Incidencias/Preview Content\"";
				ENABLE_PREVIEWS = YES;
				GENERATE_INFOPLIST_FILE = YES;
				INFOPLIST_KEY_UIApplicationSceneManifest_Generation = YES;
				INFOPLIST_KEY_UIApplicationSupportsIndirectInputEvents = YES;
				INFOPLIST_KEY_UILaunchScreen_Generation = YES;
				INFOPLIST_KEY_UISupportedInterfaceOrientations_iPad = "UIInterfaceOrientationPortrait UIInterfaceOrientationPortraitUpsideDown UIInterfaceOrientationLandscapeLeft UIInterfaceOrientationLandscapeRight";
				INFOPLIST_KEY_UISupportedInterfaceOrientations_iPhone = "UIInterfaceOrientationPortrait UIInterfaceOrientationLandscapeLeft UIInterfaceOrientationLandscapeRight";
				LD_RUNPATH_SEARCH_PATHS = (
					"$(inherited)",
					"@executable_path/Frameworks",
				);
				MARKETING_VERSION = 1.0;
				PRODUCT_BUNDLE_IDENTIFIER = etps4.Incidencias;
				PRODUCT_NAME = "$(TARGET_NAME)";
				SWIFT_EMIT_LOC_STRINGS = YES;
				SWIFT_VERSION = 5.0;
				TARGETED_DEVICE_FAMILY = "1,2";
			};
			name = Release;
		};
/* End XCBuildConfiguration section */

/* Begin XCConfigurationList section */
		68D550982CB86C4E004A29AF /* Build configuration list for PBXProject "Incidencias" */ = {
			isa = XCConfigurationList;
			buildConfigurations = (
				68D550A92CB86C51004A29AF /* Debug */,
				68D550AA2CB86C51004A29AF /* Release */,
			);
			defaultConfigurationIsVisible = 0;
			defaultConfigurationName = Release;
		};
		68D550AB2CB86C51004A29AF /* Build configuration list for PBXNativeTarget "Incidencias" */ = {
			isa = XCConfigurationList;
			buildConfigurations = (
				68D550AC2CB86C51004A29AF /* Debug */,
				68D550AD2CB86C51004A29AF /* Release */,
			);
			defaultConfigurationIsVisible = 0;
			defaultConfigurationName = Release;
		};
/* End XCConfigurationList section */

/* Begin XCRemoteSwiftPackageReference section */
		68CE47C02CD8AAB4007E57E5 /* XCRemoteSwiftPackageReference "firebase-ios-sdk" */ = {
			isa = XCRemoteSwiftPackageReference;
			repositoryURL = "https://github.com/firebase/firebase-ios-sdk";
			requirement = {
				kind = upToNextMajorVersion;
				minimumVersion = 9.0.0;
			};
		};
/* End XCRemoteSwiftPackageReference section */

/* Begin XCSwiftPackageProductDependency section */
		68CE47C12CD8AAB4007E57E5 /* FirebaseAppCheck */ = {
			isa = XCSwiftPackageProductDependency;
			package = 68CE47C02CD8AAB4007E57E5 /* XCRemoteSwiftPackageReference "firebase-ios-sdk" */;
			productName = FirebaseAppCheck;
		};
		68CE47C32CD8AAB4007E57E5 /* FirebaseAppDistribution-Beta */ = {
			isa = XCSwiftPackageProductDependency;
			package = 68CE47C02CD8AAB4007E57E5 /* XCRemoteSwiftPackageReference "firebase-ios-sdk" */;
			productName = "FirebaseAppDistribution-Beta";
		};
		68CE47C52CD8AAB4007E57E5 /* FirebaseAuth */ = {
			isa = XCSwiftPackageProductDependency;
			package = 68CE47C02CD8AAB4007E57E5 /* XCRemoteSwiftPackageReference "firebase-ios-sdk" */;
			productName = FirebaseAuth;
		};
		68CE47C72CD8AAB4007E57E5 /* FirebaseDatabase */ = {
			isa = XCSwiftPackageProductDependency;
			package = 68CE47C02CD8AAB4007E57E5 /* XCRemoteSwiftPackageReference "firebase-ios-sdk" */;
			productName = FirebaseDatabase;
		};
		68CE47C92CD8AAB4007E57E5 /* FirebaseDatabaseSwift */ = {
			isa = XCSwiftPackageProductDependency;
			package = 68CE47C02CD8AAB4007E57E5 /* XCRemoteSwiftPackageReference "firebase-ios-sdk" */;
			productName = FirebaseDatabaseSwift;
		};
		68CE47CB2CD8AAB4007E57E5 /* FirebaseFirestore */ = {
			isa = XCSwiftPackageProductDependency;
			package = 68CE47C02CD8AAB4007E57E5 /* XCRemoteSwiftPackageReference "firebase-ios-sdk" */;
			productName = FirebaseFirestore;
		};
		68CE47CD2CD8AAB5007E57E5 /* FirebaseFirestoreCombine-Community */ = {
			isa = XCSwiftPackageProductDependency;
			package = 68CE47C02CD8AAB4007E57E5 /* XCRemoteSwiftPackageReference "firebase-ios-sdk" */;
			productName = "FirebaseFirestoreCombine-Community";
		};
		68CE47CF2CD8AAB5007E57E5 /* FirebaseFirestoreSwift */ = {
			isa = XCSwiftPackageProductDependency;
			package = 68CE47C02CD8AAB4007E57E5 /* XCRemoteSwiftPackageReference "firebase-ios-sdk" */;
			productName = FirebaseFirestoreSwift;
		};
		68CE47D12CD8AAB5007E57E5 /* FirebaseFunctions */ = {
			isa = XCSwiftPackageProductDependency;
			package = 68CE47C02CD8AAB4007E57E5 /* XCRemoteSwiftPackageReference "firebase-ios-sdk" */;
			productName = FirebaseFunctions;
		};
		68CE47D32CD8AAB5007E57E5 /* FirebaseFunctionsCombine-Community */ = {
			isa = XCSwiftPackageProductDependency;
			package = 68CE47C02CD8AAB4007E57E5 /* XCRemoteSwiftPackageReference "firebase-ios-sdk" */;
			productName = "FirebaseFunctionsCombine-Community";
		};
		68CE47D52CD8AAB5007E57E5 /* FirebaseInAppMessaging-Beta */ = {
			isa = XCSwiftPackageProductDependency;
			package = 68CE47C02CD8AAB4007E57E5 /* XCRemoteSwiftPackageReference "firebase-ios-sdk" */;
			productName = "FirebaseInAppMessaging-Beta";
		};
		68CE47D72CD8AAB5007E57E5 /* FirebaseInAppMessagingSwift-Beta */ = {
			isa = XCSwiftPackageProductDependency;
			package = 68CE47C02CD8AAB4007E57E5 /* XCRemoteSwiftPackageReference "firebase-ios-sdk" */;
			productName = "FirebaseInAppMessagingSwift-Beta";
		};
		68CE47D92CD8AAB5007E57E5 /* FirebaseMessaging */ = {
			isa = XCSwiftPackageProductDependency;
			package = 68CE47C02CD8AAB4007E57E5 /* XCRemoteSwiftPackageReference "firebase-ios-sdk" */;
			productName = FirebaseMessaging;
		};
		68CE47DB2CD8AAB6007E57E5 /* FirebaseStorage */ = {
			isa = XCSwiftPackageProductDependency;
			package = 68CE47C02CD8AAB4007E57E5 /* XCRemoteSwiftPackageReference "firebase-ios-sdk" */;
			productName = FirebaseStorage;
		};
		68CE47DD2CD8AAB6007E57E5 /* FirebaseStorageCombine-Community */ = {
			isa = XCSwiftPackageProductDependency;
			package = 68CE47C02CD8AAB4007E57E5 /* XCRemoteSwiftPackageReference "firebase-ios-sdk" */;
			productName = "FirebaseStorageCombine-Community";
		};
/* End XCSwiftPackageProductDependency section */
	};
	rootObject = 68D550952CB86C4E004A29AF /* Project object */;
}
